// !$*UTF8*$!
{
	archiveVersion = 1;
	classes = {
	};
	objectVersion = 77;
	objects = {

/* Begin PBXContainerItemProxy section */
		4BC1A6292CD67D5800E9B90B /* PBXContainerItemProxy */ = {
			isa = PBXContainerItemProxy;
			containerPortal = 4BC1A6102CD67D5600E9B90B /* Project object */;
			proxyType = 1;
			remoteGlobalIDString = 4BC1A6172CD67D5600E9B90B;
			remoteInfo = VimConf2024;
		};
		4BC1A6332CD67D5800E9B90B /* PBXContainerItemProxy */ = {
			isa = PBXContainerItemProxy;
			containerPortal = 4BC1A6102CD67D5600E9B90B /* Project object */;
			proxyType = 1;
			remoteGlobalIDString = 4BC1A6172CD67D5600E9B90B;
			remoteInfo = VimConf2024;
		};
/* End PBXContainerItemProxy section */

/* Begin PBXFileReference section */
		4BC1A6182CD67D5600E9B90B /* VimConf2024.app */ = {isa = PBXFileReference; explicitFileType = wrapper.application; includeInIndex = 0; path = VimConf2024.app; sourceTree = BUILT_PRODUCTS_DIR; };
		4BC1A6282CD67D5800E9B90B /* VimConf2024Tests.xctest */ = {isa = PBXFileReference; explicitFileType = wrapper.cfbundle; includeInIndex = 0; path = VimConf2024Tests.xctest; sourceTree = BUILT_PRODUCTS_DIR; };
		4BC1A6322CD67D5800E9B90B /* VimConf2024UITests.xctest */ = {isa = PBXFileReference; explicitFileType = wrapper.cfbundle; includeInIndex = 0; path = VimConf2024UITests.xctest; sourceTree = BUILT_PRODUCTS_DIR; };
/* End PBXFileReference section */

/* Begin PBXFileSystemSynchronizedRootGroup section */
		4BC1A61A2CD67D5600E9B90B /* VimConf2024 */ = {
			isa = PBXFileSystemSynchronizedRootGroup;
			path = VimConf2024;
			sourceTree = "<group>";
		};
		4BC1A62B2CD67D5800E9B90B /* VimConf2024Tests */ = {
			isa = PBXFileSystemSynchronizedRootGroup;
			path = VimConf2024Tests;
			sourceTree = "<group>";
		};
		4BC1A6352CD67D5800E9B90B /* VimConf2024UITests */ = {
			isa = PBXFileSystemSynchronizedRootGroup;
			path = VimConf2024UITests;
			sourceTree = "<group>";
		};
/* End PBXFileSystemSynchronizedRootGroup section */

/* Begin PBXFrameworksBuildPhase section */
		4BC1A6152CD67D5600E9B90B /* Frameworks */ = {
			isa = PBXFrameworksBuildPhase;
			buildActionMask = 2147483647;
			files = (
			);
			runOnlyForDeploymentPostprocessing = 0;
		};
		4BC1A6252CD67D5800E9B90B /* Frameworks */ = {
			isa = PBXFrameworksBuildPhase;
			buildActionMask = 2147483647;
			files = (
			);
			runOnlyForDeploymentPostprocessing = 0;
		};
		4BC1A62F2CD67D5800E9B90B /* Frameworks */ = {
			isa = PBXFrameworksBuildPhase;
			buildActionMask = 2147483647;
			files = (
			);
			runOnlyForDeploymentPostprocessing = 0;
		};
/* End PBXFrameworksBuildPhase section */

/* Begin PBXGroup section */
		4BC1A60F2CD67D5600E9B90B = {
			isa = PBXGroup;
			children = (
				4BC1A61A2CD67D5600E9B90B /* VimConf2024 */,
				4BC1A62B2CD67D5800E9B90B /* VimConf2024Tests */,
				4BC1A6352CD67D5800E9B90B /* VimConf2024UITests */,
				4BC1A6192CD67D5600E9B90B /* Products */,
			);
			sourceTree = "<group>";
		};
		4BC1A6192CD67D5600E9B90B /* Products */ = {
			isa = PBXGroup;
			children = (
				4BC1A6182CD67D5600E9B90B /* VimConf2024.app */,
				4BC1A6282CD67D5800E9B90B /* VimConf2024Tests.xctest */,
				4BC1A6322CD67D5800E9B90B /* VimConf2024UITests.xctest */,
			);
			name = Products;
			sourceTree = "<group>";
		};
/* End PBXGroup section */

/* Begin PBXNativeTarget section */
		4BC1A6172CD67D5600E9B90B /* VimConf2024 */ = {
			isa = PBXNativeTarget;
			buildConfigurationList = 4BC1A63C2CD67D5800E9B90B /* Build configuration list for PBXNativeTarget "VimConf2024" */;
			buildPhases = (
				4BC1A6142CD67D5600E9B90B /* Sources */,
				4BC1A6152CD67D5600E9B90B /* Frameworks */,
				4BC1A6162CD67D5600E9B90B /* Resources */,
			);
			buildRules = (
			);
			dependencies = (
			);
			fileSystemSynchronizedGroups = (
				4BC1A61A2CD67D5600E9B90B /* VimConf2024 */,
			);
			name = VimConf2024;
			packageProductDependencies = (
			);
			productName = VimConf2024;
			productReference = 4BC1A6182CD67D5600E9B90B /* VimConf2024.app */;
			productType = "com.apple.product-type.application";
		};
		4BC1A6272CD67D5800E9B90B /* VimConf2024Tests */ = {
			isa = PBXNativeTarget;
			buildConfigurationList = 4BC1A63F2CD67D5800E9B90B /* Build configuration list for PBXNativeTarget "VimConf2024Tests" */;
			buildPhases = (
				4BC1A6242CD67D5800E9B90B /* Sources */,
				4BC1A6252CD67D5800E9B90B /* Frameworks */,
				4BC1A6262CD67D5800E9B90B /* Resources */,
			);
			buildRules = (
			);
			dependencies = (
				4BC1A62A2CD67D5800E9B90B /* PBXTargetDependency */,
			);
			fileSystemSynchronizedGroups = (
				4BC1A62B2CD67D5800E9B90B /* VimConf2024Tests */,
			);
			name = VimConf2024Tests;
			packageProductDependencies = (
			);
			productName = VimConf2024Tests;
			productReference = 4BC1A6282CD67D5800E9B90B /* VimConf2024Tests.xctest */;
			productType = "com.apple.product-type.bundle.unit-test";
		};
		4BC1A6312CD67D5800E9B90B /* VimConf2024UITests */ = {
			isa = PBXNativeTarget;
			buildConfigurationList = 4BC1A6422CD67D5800E9B90B /* Build configuration list for PBXNativeTarget "VimConf2024UITests" */;
			buildPhases = (
				4BC1A62E2CD67D5800E9B90B /* Sources */,
				4BC1A62F2CD67D5800E9B90B /* Frameworks */,
				4BC1A6302CD67D5800E9B90B /* Resources */,
			);
			buildRules = (
			);
			dependencies = (
				4BC1A6342CD67D5800E9B90B /* PBXTargetDependency */,
			);
			fileSystemSynchronizedGroups = (
				4BC1A6352CD67D5800E9B90B /* VimConf2024UITests */,
			);
			name = VimConf2024UITests;
			packageProductDependencies = (
			);
			productName = VimConf2024UITests;
			productReference = 4BC1A6322CD67D5800E9B90B /* VimConf2024UITests.xctest */;
			productType = "com.apple.product-type.bundle.ui-testing";
		};
/* End PBXNativeTarget section */

/* Begin PBXProject section */
		4BC1A6102CD67D5600E9B90B /* Project object */ = {
			isa = PBXProject;
			attributes = {
				BuildIndependentTargetsInParallel = 1;
				LastSwiftUpdateCheck = 1600;
				LastUpgradeCheck = 1600;
				TargetAttributes = {
					4BC1A6172CD67D5600E9B90B = {
						CreatedOnToolsVersion = 16.0;
					};
					4BC1A6272CD67D5800E9B90B = {
						CreatedOnToolsVersion = 16.0;
						TestTargetID = 4BC1A6172CD67D5600E9B90B;
					};
					4BC1A6312CD67D5800E9B90B = {
						CreatedOnToolsVersion = 16.0;
						TestTargetID = 4BC1A6172CD67D5600E9B90B;
					};
				};
			};
			buildConfigurationList = 4BC1A6132CD67D5600E9B90B /* Build configuration list for PBXProject "VimConf2024" */;
			developmentRegion = en;
			hasScannedForEncodings = 0;
			knownRegions = (
				en,
				Base,
			);
			mainGroup = 4BC1A60F2CD67D5600E9B90B;
			minimizedProjectReferenceProxies = 1;
			preferredProjectObjectVersion = 77;
			productRefGroup = 4BC1A6192CD67D5600E9B90B /* Products */;
			projectDirPath = "";
			projectRoot = "";
			targets = (
				4BC1A6172CD67D5600E9B90B /* VimConf2024 */,
				4BC1A6272CD67D5800E9B90B /* VimConf2024Tests */,
				4BC1A6312CD67D5800E9B90B /* VimConf2024UITests */,
			);
		};
/* End PBXProject section */

/* Begin PBXResourcesBuildPhase section */
		4BC1A6162CD67D5600E9B90B /* Resources */ = {
			isa = PBXResourcesBuildPhase;
			buildActionMask = 2147483647;
			files = (
			);
			runOnlyForDeploymentPostprocessing = 0;
		};
		4BC1A6262CD67D5800E9B90B /* Resources */ = {
			isa = PBXResourcesBuildPhase;
			buildActionMask = 2147483647;
			files = (
			);
			runOnlyForDeploymentPostprocessing = 0;
		};
		4BC1A6302CD67D5800E9B90B /* Resources */ = {
			isa = PBXResourcesBuildPhase;
			buildActionMask = 2147483647;
			files = (
			);
			runOnlyForDeploymentPostprocessing = 0;
		};
/* End PBXResourcesBuildPhase section */

/* Begin PBXSourcesBuildPhase section */
		4BC1A6142CD67D5600E9B90B /* Sources */ = {
			isa = PBXSourcesBuildPhase;
			buildActionMask = 2147483647;
			files = (
			);
			runOnlyForDeploymentPostprocessing = 0;
		};
		4BC1A6242CD67D5800E9B90B /* Sources */ = {
			isa = PBXSourcesBuildPhase;
			buildActionMask = 2147483647;
			files = (
			);
			runOnlyForDeploymentPostprocessing = 0;
		};
		4BC1A62E2CD67D5800E9B90B /* Sources */ = {
			isa = PBXSourcesBuildPhase;
			buildActionMask = 2147483647;
			files = (
			);
			runOnlyForDeploymentPostprocessing = 0;
		};
/* End PBXSourcesBuildPhase section */

/* Begin PBXTargetDependency section */
		4BC1A62A2CD67D5800E9B90B /* PBXTargetDependency */ = {
			isa = PBXTargetDependency;
			target = 4BC1A6172CD67D5600E9B90B /* VimConf2024 */;
			targetProxy = 4BC1A6292CD67D5800E9B90B /* PBXContainerItemProxy */;
		};
		4BC1A6342CD67D5800E9B90B /* PBXTargetDependency */ = {
			isa = PBXTargetDependency;
			target = 4BC1A6172CD67D5600E9B90B /* VimConf2024 */;
			targetProxy = 4BC1A6332CD67D5800E9B90B /* PBXContainerItemProxy */;
		};
/* End PBXTargetDependency section */

/* Begin XCBuildConfiguration section */
		4BC1A63A2CD67D5800E9B90B /* Debug */ = {
			isa = XCBuildConfiguration;
			buildSettings = {
				ALWAYS_SEARCH_USER_PATHS = NO;
				ASSETCATALOG_COMPILER_GENERATE_SWIFT_ASSET_SYMBOL_EXTENSIONS = YES;
				CLANG_ANALYZER_NONNULL = YES;
				CLANG_ANALYZER_NUMBER_OBJECT_CONVERSION = YES_AGGRESSIVE;
				CLANG_CXX_LANGUAGE_STANDARD = "gnu++20";
				CLANG_ENABLE_MODULES = YES;
				CLANG_ENABLE_OBJC_ARC = YES;
				CLANG_ENABLE_OBJC_WEAK = YES;
				CLANG_WARN_BLOCK_CAPTURE_AUTORELEASING = YES;
				CLANG_WARN_BOOL_CONVERSION = YES;
				CLANG_WARN_COMMA = YES;
				CLANG_WARN_CONSTANT_CONVERSION = YES;
				CLANG_WARN_DEPRECATED_OBJC_IMPLEMENTATIONS = YES;
				CLANG_WARN_DIRECT_OBJC_ISA_USAGE = YES_ERROR;
				CLANG_WARN_DOCUMENTATION_COMMENTS = YES;
				CLANG_WARN_EMPTY_BODY = YES;
				CLANG_WARN_ENUM_CONVERSION = YES;
				CLANG_WARN_INFINITE_RECURSION = YES;
				CLANG_WARN_INT_CONVERSION = YES;
				CLANG_WARN_NON_LITERAL_NULL_CONVERSION = YES;
				CLANG_WARN_OBJC_IMPLICIT_RETAIN_SELF = YES;
				CLANG_WARN_OBJC_LITERAL_CONVERSION = YES;
				CLANG_WARN_OBJC_ROOT_CLASS = YES_ERROR;
				CLANG_WARN_QUOTED_INCLUDE_IN_FRAMEWORK_HEADER = YES;
				CLANG_WARN_RANGE_LOOP_ANALYSIS = YES;
				CLANG_WARN_STRICT_PROTOTYPES = YES;
				CLANG_WARN_SUSPICIOUS_MOVE = YES;
				CLANG_WARN_UNGUARDED_AVAILABILITY = YES_AGGRESSIVE;
				CLANG_WARN_UNREACHABLE_CODE = YES;
				CLANG_WARN__DUPLICATE_METHOD_MATCH = YES;
				COPY_PHASE_STRIP = NO;
				DEBUG_INFORMATION_FORMAT = dwarf;
				ENABLE_STRICT_OBJC_MSGSEND = YES;
				ENABLE_TESTABILITY = YES;
				ENABLE_USER_SCRIPT_SANDBOXING = YES;
				GCC_C_LANGUAGE_STANDARD = gnu17;
				GCC_DYNAMIC_NO_PIC = NO;
				GCC_NO_COMMON_BLOCKS = YES;
				GCC_OPTIMIZATION_LEVEL = 0;
				GCC_PREPROCESSOR_DEFINITIONS = (
					"DEBUG=1",
					"$(inherited)",
				);
				GCC_WARN_64_TO_32_BIT_CONVERSION = YES;
				GCC_WARN_ABOUT_RETURN_TYPE = YES_ERROR;
				GCC_WARN_UNDECLARED_SELECTOR = YES;
				GCC_WARN_UNINITIALIZED_AUTOS = YES_AGGRESSIVE;
				GCC_WARN_UNUSED_FUNCTION = YES;
				GCC_WARN_UNUSED_VARIABLE = YES;
				IPHONEOS_DEPLOYMENT_TARGET = 18.0;
				LOCALIZATION_PREFERS_STRING_CATALOGS = YES;
				MTL_ENABLE_DEBUG_INFO = INCLUDE_SOURCE;
				MTL_FAST_MATH = YES;
				ONLY_ACTIVE_ARCH = YES;
				SDKROOT = iphoneos;
				SWIFT_ACTIVE_COMPILATION_CONDITIONS = "DEBUG $(inherited)";
				SWIFT_OPTIMIZATION_LEVEL = "-Onone";
			};
			name = Debug;
		};
		4BC1A63B2CD67D5800E9B90B /* Release */ = {
			isa = XCBuildConfiguration;
			buildSettings = {
				ALWAYS_SEARCH_USER_PATHS = NO;
				ASSETCATALOG_COMPILER_GENERATE_SWIFT_ASSET_SYMBOL_EXTENSIONS = YES;
				CLANG_ANALYZER_NONNULL = YES;
				CLANG_ANALYZER_NUMBER_OBJECT_CONVERSION = YES_AGGRESSIVE;
				CLANG_CXX_LANGUAGE_STANDARD = "gnu++20";
				CLANG_ENABLE_MODULES = YES;
				CLANG_ENABLE_OBJC_ARC = YES;
				CLANG_ENABLE_OBJC_WEAK = YES;
				CLANG_WARN_BLOCK_CAPTURE_AUTORELEASING = YES;
				CLANG_WARN_BOOL_CONVERSION = YES;
				CLANG_WARN_COMMA = YES;
				CLANG_WARN_CONSTANT_CONVERSION = YES;
				CLANG_WARN_DEPRECATED_OBJC_IMPLEMENTATIONS = YES;
				CLANG_WARN_DIRECT_OBJC_ISA_USAGE = YES_ERROR;
				CLANG_WARN_DOCUMENTATION_COMMENTS = YES;
				CLANG_WARN_EMPTY_BODY = YES;
				CLANG_WARN_ENUM_CONVERSION = YES;
				CLANG_WARN_INFINITE_RECURSION = YES;
				CLANG_WARN_INT_CONVERSION = YES;
				CLANG_WARN_NON_LITERAL_NULL_CONVERSION = YES;
				CLANG_WARN_OBJC_IMPLICIT_RETAIN_SELF = YES;
				CLANG_WARN_OBJC_LITERAL_CONVERSION = YES;
				CLANG_WARN_OBJC_ROOT_CLASS = YES_ERROR;
				CLANG_WARN_QUOTED_INCLUDE_IN_FRAMEWORK_HEADER = YES;
				CLANG_WARN_RANGE_LOOP_ANALYSIS = YES;
				CLANG_WARN_STRICT_PROTOTYPES = YES;
				CLANG_WARN_SUSPICIOUS_MOVE = YES;
				CLANG_WARN_UNGUARDED_AVAILABILITY = YES_AGGRESSIVE;
				CLANG_WARN_UNREACHABLE_CODE = YES;
				CLANG_WARN__DUPLICATE_METHOD_MATCH = YES;
				COPY_PHASE_STRIP = NO;
				DEBUG_INFORMATION_FORMAT = "dwarf-with-dsym";
				ENABLE_NS_ASSERTIONS = NO;
				ENABLE_STRICT_OBJC_MSGSEND = YES;
				ENABLE_USER_SCRIPT_SANDBOXING = YES;
				GCC_C_LANGUAGE_STANDARD = gnu17;
				GCC_NO_COMMON_BLOCKS = YES;
				GCC_WARN_64_TO_32_BIT_CONVERSION = YES;
				GCC_WARN_ABOUT_RETURN_TYPE = YES_ERROR;
				GCC_WARN_UNDECLARED_SELECTOR = YES;
				GCC_WARN_UNINITIALIZED_AUTOS = YES_AGGRESSIVE;
				GCC_WARN_UNUSED_FUNCTION = YES;
				GCC_WARN_UNUSED_VARIABLE = YES;
				IPHONEOS_DEPLOYMENT_TARGET = 18.0;
				LOCALIZATION_PREFERS_STRING_CATALOGS = YES;
				MTL_ENABLE_DEBUG_INFO = NO;
				MTL_FAST_MATH = YES;
				SDKROOT = iphoneos;
				SWIFT_COMPILATION_MODE = wholemodule;
				VALIDATE_PRODUCT = YES;
			};
			name = Release;
		};
		4BC1A63D2CD67D5800E9B90B /* Debug */ = {
			isa = XCBuildConfiguration;
			buildSettings = {
				ASSETCATALOG_COMPILER_APPICON_NAME = AppIcon;
				ASSETCATALOG_COMPILER_GLOBAL_ACCENT_COLOR_NAME = AccentColor;
				CODE_SIGN_STYLE = Automatic;
				CURRENT_PROJECT_VERSION = 1;
				DEVELOPMENT_ASSET_PATHS = "\"VimConf2024/Preview Content\"";
				DEVELOPMENT_TEAM = 47E56DYP3N;
				ENABLE_PREVIEWS = YES;
				GENERATE_INFOPLIST_FILE = YES;
				INFOPLIST_KEY_UIApplicationSceneManifest_Generation = YES;
				INFOPLIST_KEY_UIApplicationSupportsIndirectInputEvents = YES;
				INFOPLIST_KEY_UILaunchScreen_Generation = YES;
				INFOPLIST_KEY_UISupportedInterfaceOrientations_iPad = "UIInterfaceOrientationPortrait UIInterfaceOrientationPortraitUpsideDown UIInterfaceOrientationLandscapeLeft UIInterfaceOrientationLandscapeRight";
				INFOPLIST_KEY_UISupportedInterfaceOrientations_iPhone = "UIInterfaceOrientationPortrait UIInterfaceOrientationLandscapeLeft UIInterfaceOrientationLandscapeRight";
				IPHONEOS_DEPLOYMENT_TARGET = 17.0;
				LD_RUNPATH_SEARCH_PATHS = (
					"$(inherited)",
					"@executable_path/Frameworks",
				);
				MARKETING_VERSION = 1.0;
				PRODUCT_BUNDLE_IDENTIFIER = com.theuhooi.VimConf2024;
				PRODUCT_NAME = "$(TARGET_NAME)";
				SWIFT_EMIT_LOC_STRINGS = YES;
				SWIFT_VERSION = 5.0;
				TARGETED_DEVICE_FAMILY = "1,2";
			};
			name = Debug;
		};
		4BC1A63E2CD67D5800E9B90B /* Release */ = {
			isa = XCBuildConfiguration;
			buildSettings = {
				ASSETCATALOG_COMPILER_APPICON_NAME = AppIcon;
				ASSETCATALOG_COMPILER_GLOBAL_ACCENT_COLOR_NAME = AccentColor;
				CODE_SIGN_STYLE = Automatic;
				CURRENT_PROJECT_VERSION = 1;
				DEVELOPMENT_ASSET_PATHS = "\"VimConf2024/Preview Content\"";
				DEVELOPMENT_TEAM = 47E56DYP3N;
				ENABLE_PREVIEWS = YES;
				GENERATE_INFOPLIST_FILE = YES;
				INFOPLIST_KEY_UIApplicationSceneManifest_Generation = YES;
				INFOPLIST_KEY_UIApplicationSupportsIndirectInputEvents = YES;
				INFOPLIST_KEY_UILaunchScreen_Generation = YES;
				INFOPLIST_KEY_UISupportedInterfaceOrientations_iPad = "UIInterfaceOrientationPortrait UIInterfaceOrientationPortraitUpsideDown UIInterfaceOrientationLandscapeLeft UIInterfaceOrientationLandscapeRight";
				INFOPLIST_KEY_UISupportedInterfaceOrientations_iPhone = "UIInterfaceOrientationPortrait UIInterfaceOrientationLandscapeLeft UIInterfaceOrientationLandscapeRight";
				IPHONEOS_DEPLOYMENT_TARGET = 17.0;
				LD_RUNPATH_SEARCH_PATHS = (
					"$(inherited)",
					"@executable_path/Frameworks",
				);
				MARKETING_VERSION = 1.0;
				PRODUCT_BUNDLE_IDENTIFIER = com.theuhooi.VimConf2024;
				PRODUCT_NAME = "$(TARGET_NAME)";
				SWIFT_EMIT_LOC_STRINGS = YES;
				SWIFT_VERSION = 5.0;
				TARGETED_DEVICE_FAMILY = "1,2";
			};
			name = Release;
		};
		4BC1A6402CD67D5800E9B90B /* Debug */ = {
			isa = XCBuildConfiguration;
			buildSettings = {
				BUNDLE_LOADER = "$(TEST_HOST)";
				CODE_SIGN_STYLE = Automatic;
				CURRENT_PROJECT_VERSION = 1;
				DEVELOPMENT_TEAM = 47E56DYP3N;
				GENERATE_INFOPLIST_FILE = YES;
				IPHONEOS_DEPLOYMENT_TARGET = 17.0;
				MARKETING_VERSION = 1.0;
				PRODUCT_BUNDLE_IDENTIFIER = com.theuhooi.VimConf2024Tests;
				PRODUCT_NAME = "$(TARGET_NAME)";
				SWIFT_EMIT_LOC_STRINGS = NO;
				SWIFT_VERSION = 5.0;
				TARGETED_DEVICE_FAMILY = "1,2";
				TEST_HOST = "$(BUILT_PRODUCTS_DIR)/VimConf2024.app/$(BUNDLE_EXECUTABLE_FOLDER_PATH)/VimConf2024";
			};
			name = Debug;
		};
		4BC1A6412CD67D5800E9B90B /* Release */ = {
			isa = XCBuildConfiguration;
			buildSettings = {
				BUNDLE_LOADER = "$(TEST_HOST)";
				CODE_SIGN_STYLE = Automatic;
				CURRENT_PROJECT_VERSION = 1;
				DEVELOPMENT_TEAM = 47E56DYP3N;
				GENERATE_INFOPLIST_FILE = YES;
				IPHONEOS_DEPLOYMENT_TARGET = 17.0;
				MARKETING_VERSION = 1.0;
				PRODUCT_BUNDLE_IDENTIFIER = com.theuhooi.VimConf2024Tests;
				PRODUCT_NAME = "$(TARGET_NAME)";
				SWIFT_EMIT_LOC_STRINGS = NO;
				SWIFT_VERSION = 5.0;
				TARGETED_DEVICE_FAMILY = "1,2";
				TEST_HOST = "$(BUILT_PRODUCTS_DIR)/VimConf2024.app/$(BUNDLE_EXECUTABLE_FOLDER_PATH)/VimConf2024";
			};
			name = Release;
		};
		4BC1A6432CD67D5800E9B90B /* Debug */ = {
			isa = XCBuildConfiguration;
			buildSettings = {
				CODE_SIGN_STYLE = Automatic;
				CURRENT_PROJECT_VERSION = 1;
				DEVELOPMENT_TEAM = 47E56DYP3N;
				GENERATE_INFOPLIST_FILE = YES;
				IPHONEOS_DEPLOYMENT_TARGET = 17.0;
				MARKETING_VERSION = 1.0;
				PRODUCT_BUNDLE_IDENTIFIER = com.theuhooi.VimConf2024UITests;
				PRODUCT_NAME = "$(TARGET_NAME)";
				SWIFT_EMIT_LOC_STRINGS = NO;
				SWIFT_VERSION = 5.0;
				TARGETED_DEVICE_FAMILY = "1,2";
				TEST_TARGET_NAME = VimConf2024;
			};
			name = Debug;
		};
		4BC1A6442CD67D5800E9B90B /* Release */ = {
			isa = XCBuildConfiguration;
			buildSettings = {
				CODE_SIGN_STYLE = Automatic;
				CURRENT_PROJECT_VERSION = 1;
				DEVELOPMENT_TEAM = 47E56DYP3N;
				GENERATE_INFOPLIST_FILE = YES;
				IPHONEOS_DEPLOYMENT_TARGET = 17.0;
				MARKETING_VERSION = 1.0;
				PRODUCT_BUNDLE_IDENTIFIER = com.theuhooi.VimConf2024UITests;
				PRODUCT_NAME = "$(TARGET_NAME)";
				SWIFT_EMIT_LOC_STRINGS = NO;
				SWIFT_VERSION = 5.0;
				TARGETED_DEVICE_FAMILY = "1,2";
				TEST_TARGET_NAME = VimConf2024;
			};
			name = Release;
		};
/* End XCBuildConfiguration section */

/* Begin XCConfigurationList section */
		4BC1A6132CD67D5600E9B90B /* Build configuration list for PBXProject "VimConf2024" */ = {
			isa = XCConfigurationList;
			buildConfigurations = (
				4BC1A63A2CD67D5800E9B90B /* Debug */,
				4BC1A63B2CD67D5800E9B90B /* Release */,
			);
			defaultConfigurationIsVisible = 0;
			defaultConfigurationName = Release;
		};
		4BC1A63C2CD67D5800E9B90B /* Build configuration list for PBXNativeTarget "VimConf2024" */ = {
			isa = XCConfigurationList;
			buildConfigurations = (
				4BC1A63D2CD67D5800E9B90B /* Debug */,
				4BC1A63E2CD67D5800E9B90B /* Release */,
			);
			defaultConfigurationIsVisible = 0;
			defaultConfigurationName = Release;
		};
		4BC1A63F2CD67D5800E9B90B /* Build configuration list for PBXNativeTarget "VimConf2024Tests" */ = {
			isa = XCConfigurationList;
			buildConfigurations = (
				4BC1A6402CD67D5800E9B90B /* Debug */,
				4BC1A6412CD67D5800E9B90B /* Release */,
			);
			defaultConfigurationIsVisible = 0;
			defaultConfigurationName = Release;
		};
		4BC1A6422CD67D5800E9B90B /* Build configuration list for PBXNativeTarget "VimConf2024UITests" */ = {
			isa = XCConfigurationList;
			buildConfigurations = (
				4BC1A6432CD67D5800E9B90B /* Debug */,
				4BC1A6442CD67D5800E9B90B /* Release */,
			);
			defaultConfigurationIsVisible = 0;
			defaultConfigurationName = Release;
		};
/* End XCConfigurationList section */
	};
	rootObject = 4BC1A6102CD67D5600E9B90B /* Project object */;
}
